
Microsoft Visual Studio Solution File, Format Version 12.00
# Visual Studio Version 16
VisualStudioVersion = 16.0.30011.22
MinimumVisualStudioVersion = 10.0.40219.1
Project("{FAE04EC0-301F-11D3-BF4B-00C04F79EFBC}") = "ConsoleTest", "ConsoleTest\ConsoleTest.csproj", "{9562FA5F-1896-4E18-A90F-1822ED53E690}"
EndProject
Project("{FAE04EC0-301F-11D3-BF4B-00C04F79EFBC}") = "Demand01", "Demand01\Demand01.csproj", "{5140CD1B-F6BD-4B33-981E-916584782E74}"
EndProject
Project("{FAE04EC0-301F-11D3-BF4B-00C04F79EFBC}") = "KaKuKaKu", "KaKuKaKu\KaKuKaKu.csproj", "{CDA6AB88-0005-47EC-B1F1-23F4BDDBD1CE}"
EndProject
Project("{FAE04EC0-301F-11D3-BF4B-00C04F79EFBC}") = "MusicCompressor", "MusicCompressor\MusicCompressor.csproj", "{93173746-6A20-4BAD-B72F-BBA7C4C88F9B}"
EndProject
Project("{FAE04EC0-301F-11D3-BF4B-00C04F79EFBC}") = "VideoCompressor", "VideoCompressor\VideoCompressor.csproj", "{388F97B9-8D64-415B-97F3-233C6539E2C7}"
EndProject
Project("{9A19103F-16F7-4668-BE54-9A1E7A4F7556}") = "NoAudio", "NoAudio\NoAudio.csproj", "{53C58C02-2219-42DA-961A-785265782BF1}"
EndProject
Project("{FAE04EC0-301F-11D3-BF4B-00C04F79EFBC}") = "NameToTime", "NameToTime\NameToTime.csproj", "{D14BD6D4-3D8C-471C-B40E-0409954D5D02}"
EndProject
Project("{FAE04EC0-301F-11D3-BF4B-00C04F79EFBC}") = "Fpatchy", "Fpatchy\Fpatchy.csproj", "{7A15134F-1E33-4E25-A5C9-C513CE7BFF31}"
EndProject
Global
	GlobalSection(SolutionConfigurationPlatforms) = preSolution
		Debug|Any CPU = Debug|Any CPU
		Debug|x64 = Debug|x64
		Debug|x86 = Debug|x86
		Release|Any CPU = Release|Any CPU
		Release|x64 = Release|x64
		Release|x86 = Release|x86
	EndGlobalSection
	GlobalSection(ProjectConfigurationPlatforms) = postSolution
		{9562FA5F-1896-4E18-A90F-1822ED53E690}.Debug|Any CPU.ActiveCfg = Debug|Any CPU
		{9562FA5F-1896-4E18-A90F-1822ED53E690}.Debug|Any CPU.Build.0 = Debug|Any CPU
		{9562FA5F-1896-4E18-A90F-1822ED53E690}.Debug|x64.ActiveCfg = Debug|Any CPU
		{9562FA5F-1896-4E18-A90F-1822ED53E690}.Debug|x64.Build.0 = Debug|Any CPU
		{9562FA5F-1896-4E18-A90F-1822ED53E690}.Debug|x86.ActiveCfg = Debug|Any CPU
		{9562FA5F-1896-4E18-A90F-1822ED53E690}.Debug|x86.Build.0 = Debug|Any CPU
		{9562FA5F-1896-4E18-A90F-1822ED53E690}.Release|Any CPU.ActiveCfg = Release|Any CPU
		{9562FA5F-1896-4E18-A90F-1822ED53E690}.Release|Any CPU.Build.0 = Release|Any CPU
		{9562FA5F-1896-4E18-A90F-1822ED53E690}.Release|x64.ActiveCfg = Release|Any CPU
		{9562FA5F-1896-4E18-A90F-1822ED53E690}.Release|x64.Build.0 = Release|Any CPU
		{9562FA5F-1896-4E18-A90F-1822ED53E690}.Release|x86.ActiveCfg = Release|Any CPU
		{9562FA5F-1896-4E18-A90F-1822ED53E690}.Release|x86.Build.0 = Release|Any CPU
		{5140CD1B-F6BD-4B33-981E-916584782E74}.Debug|Any CPU.ActiveCfg = Debug|Any CPU
		{5140CD1B-F6BD-4B33-981E-916584782E74}.Debug|Any CPU.Build.0 = Debug|Any CPU
		{5140CD1B-F6BD-4B33-981E-916584782E74}.Debug|x64.ActiveCfg = Debug|Any CPU
		{5140CD1B-F6BD-4B33-981E-916584782E74}.Debug|x64.Build.0 = Debug|Any CPU
		{5140CD1B-F6BD-4B33-981E-916584782E74}.Debug|x86.ActiveCfg = Debug|Any CPU
		{5140CD1B-F6BD-4B33-981E-916584782E74}.Debug|x86.Build.0 = Debug|Any CPU
		{5140CD1B-F6BD-4B33-981E-916584782E74}.Release|Any CPU.ActiveCfg = Release|Any CPU
		{5140CD1B-F6BD-4B33-981E-916584782E74}.Release|Any CPU.Build.0 = Release|Any CPU
		{5140CD1B-F6BD-4B33-981E-916584782E74}.Release|x64.ActiveCfg = Release|Any CPU
		{5140CD1B-F6BD-4B33-981E-916584782E74}.Release|x64.Build.0 = Release|Any CPU
		{5140CD1B-F6BD-4B33-981E-916584782E74}.Release|x86.ActiveCfg = Release|Any CPU
		{5140CD1B-F6BD-4B33-981E-916584782E74}.Release|x86.Build.0 = Release|Any CPU
		{CDA6AB88-0005-47EC-B1F1-23F4BDDBD1CE}.Debug|Any CPU.ActiveCfg = Debug|Any CPU
		{CDA6AB88-0005-47EC-B1F1-23F4BDDBD1CE}.Debug|Any CPU.Build.0 = Debug|Any CPU
		{CDA6AB88-0005-47EC-B1F1-23F4BDDBD1CE}.Debug|x64.ActiveCfg = Debug|Any CPU
		{CDA6AB88-0005-47EC-B1F1-23F4BDDBD1CE}.Debug|x64.Build.0 = Debug|Any CPU
		{CDA6AB88-0005-47EC-B1F1-23F4BDDBD1CE}.Debug|x86.ActiveCfg = Debug|Any CPU
		{CDA6AB88-0005-47EC-B1F1-23F4BDDBD1CE}.Debug|x86.Build.0 = Debug|Any CPU
		{CDA6AB88-0005-47EC-B1F1-23F4BDDBD1CE}.Release|Any CPU.ActiveCfg = Release|Any CPU
		{CDA6AB88-0005-47EC-B1F1-23F4BDDBD1CE}.Release|Any CPU.Build.0 = Release|Any CPU
		{CDA6AB88-0005-47EC-B1F1-23F4BDDBD1CE}.Release|x64.ActiveCfg = Release|Any CPU
		{CDA6AB88-0005-47EC-B1F1-23F4BDDBD1CE}.Release|x64.Build.0 = Release|Any CPU
		{CDA6AB88-0005-47EC-B1F1-23F4BDDBD1CE}.Release|x86.ActiveCfg = Release|Any CPU
		{CDA6AB88-0005-47EC-B1F1-23F4BDDBD1CE}.Release|x86.Build.0 = Release|Any CPU
		{93173746-6A20-4BAD-B72F-BBA7C4C88F9B}.Debug|Any CPU.ActiveCfg = Debug|Any CPU
		{93173746-6A20-4BAD-B72F-BBA7C4C88F9B}.Debug|Any CPU.Build.0 = Debug|Any CPU
		{93173746-6A20-4BAD-B72F-BBA7C4C88F9B}.Debug|x64.ActiveCfg = Debug|Any CPU
		{93173746-6A20-4BAD-B72F-BBA7C4C88F9B}.Debug|x64.Build.0 = Debug|Any CPU
		{93173746-6A20-4BAD-B72F-BBA7C4C88F9B}.Debug|x86.ActiveCfg = Debug|Any CPU
		{93173746-6A20-4BAD-B72F-BBA7C4C88F9B}.Debug|x86.Build.0 = Debug|Any CPU
		{93173746-6A20-4BAD-B72F-BBA7C4C88F9B}.Release|Any CPU.ActiveCfg = Release|Any CPU
		{93173746-6A20-4BAD-B72F-BBA7C4C88F9B}.Release|Any CPU.Build.0 = Release|Any CPU
		{93173746-6A20-4BAD-B72F-BBA7C4C88F9B}.Release|x64.ActiveCfg = Release|Any CPU
		{93173746-6A20-4BAD-B72F-BBA7C4C88F9B}.Release|x64.Build.0 = Release|Any CPU
		{93173746-6A20-4BAD-B72F-BBA7C4C88F9B}.Release|x86.ActiveCfg = Release|Any CPU
		{93173746-6A20-4BAD-B72F-BBA7C4C88F9B}.Release|x86.Build.0 = Release|Any CPU
		{388F97B9-8D64-415B-97F3-233C6539E2C7}.Debug|Any CPU.ActiveCfg = Debug|Any CPU
		{388F97B9-8D64-415B-97F3-233C6539E2C7}.Debug|Any CPU.Build.0 = Debug|Any CPU
		{388F97B9-8D64-415B-97F3-233C6539E2C7}.Debug|x64.ActiveCfg = Debug|Any CPU
		{388F97B9-8D64-415B-97F3-233C6539E2C7}.Debug|x64.Build.0 = Debug|Any CPU
		{388F97B9-8D64-415B-97F3-233C6539E2C7}.Debug|x86.ActiveCfg = Debug|Any CPU
		{388F97B9-8D64-415B-97F3-233C6539E2C7}.Debug|x86.Build.0 = Debug|Any CPU
		{388F97B9-8D64-415B-97F3-233C6539E2C7}.Release|Any CPU.ActiveCfg = Release|Any CPU
		{388F97B9-8D64-415B-97F3-233C6539E2C7}.Release|Any CPU.Build.0 = Release|Any CPU
		{388F97B9-8D64-415B-97F3-233C6539E2C7}.Release|x64.ActiveCfg = Release|Any CPU
		{388F97B9-8D64-415B-97F3-233C6539E2C7}.Release|x64.Build.0 = Release|Any CPU
		{388F97B9-8D64-415B-97F3-233C6539E2C7}.Release|x86.ActiveCfg = Release|Any CPU
		{388F97B9-8D64-415B-97F3-233C6539E2C7}.Release|x86.Build.0 = Release|Any CPU
		{53C58C02-2219-42DA-961A-785265782BF1}.Debug|Any CPU.ActiveCfg = Debug|Any CPU
		{53C58C02-2219-42DA-961A-785265782BF1}.Debug|Any CPU.Build.0 = Debug|Any CPU
		{53C58C02-2219-42DA-961A-785265782BF1}.Debug|x64.ActiveCfg = Debug|Any CPU
		{53C58C02-2219-42DA-961A-785265782BF1}.Debug|x64.Build.0 = Debug|Any CPU
		{53C58C02-2219-42DA-961A-785265782BF1}.Debug|x86.ActiveCfg = Debug|Any CPU
		{53C58C02-2219-42DA-961A-785265782BF1}.Debug|x86.Build.0 = Debug|Any CPU
		{53C58C02-2219-42DA-961A-785265782BF1}.Release|Any CPU.ActiveCfg = Release|Any CPU
		{53C58C02-2219-42DA-961A-785265782BF1}.Release|Any CPU.Build.0 = Release|Any CPU
		{53C58C02-2219-42DA-961A-785265782BF1}.Release|x64.ActiveCfg = Release|Any CPU
		{53C58C02-2219-42DA-961A-785265782BF1}.Release|x64.Build.0 = Release|Any CPU
		{53C58C02-2219-42DA-961A-785265782BF1}.Release|x86.ActiveCfg = Release|Any CPU
		{53C58C02-2219-42DA-961A-785265782BF1}.Release|x86.Build.0 = Release|Any CPU
		{D14BD6D4-3D8C-471C-B40E-0409954D5D02}.Debug|Any CPU.ActiveCfg = Debug|Any CPU
		{D14BD6D4-3D8C-471C-B40E-0409954D5D02}.Debug|Any CPU.Build.0 = Debug|Any CPU
		{D14BD6D4-3D8C-471C-B40E-0409954D5D02}.Debug|x64.ActiveCfg = Debug|Any CPU
		{D14BD6D4-3D8C-471C-B40E-0409954D5D02}.Debug|x64.Build.0 = Debug|Any CPU
		{D14BD6D4-3D8C-471C-B40E-0409954D5D02}.Debug|x86.ActiveCfg = Debug|Any CPU
		{D14BD6D4-3D8C-471C-B40E-0409954D5D02}.Debug|x86.Build.0 = Debug|Any CPU
		{D14BD6D4-3D8C-471C-B40E-0409954D5D02}.Release|Any CPU.ActiveCfg = Release|Any CPU
		{D14BD6D4-3D8C-471C-B40E-0409954D5D02}.Release|Any CPU.Build.0 = Release|Any CPU
		{D14BD6D4-3D8C-471C-B40E-0409954D5D02}.Release|x64.ActiveCfg = Release|Any CPU
		{D14BD6D4-3D8C-471C-B40E-0409954D5D02}.Release|x64.Build.0 = Release|Any CPU
		{D14BD6D4-3D8C-471C-B40E-0409954D5D02}.Release|x86.ActiveCfg = Release|Any CPU
		{D14BD6D4-3D8C-471C-B40E-0409954D5D02}.Release|x86.Build.0 = Release|Any CPU
		{7A15134F-1E33-4E25-A5C9-C513CE7BFF31}.Debug|Any CPU.ActiveCfg = Debug|Any CPU
		{7A15134F-1E33-4E25-A5C9-C513CE7BFF31}.Debug|Any CPU.Build.0 = Debug|Any CPU
		{7A15134F-1E33-4E25-A5C9-C513CE7BFF31}.Debug|x64.ActiveCfg = Debug|Any CPU
		{7A15134F-1E33-4E25-A5C9-C513CE7BFF31}.Debug|x64.Build.0 = Debug|Any CPU
		{7A15134F-1E33-4E25-A5C9-C513CE7BFF31}.Debug|x86.ActiveCfg = Debug|Any CPU
		{7A15134F-1E33-4E25-A5C9-C513CE7BFF31}.Debug|x86.Build.0 = Debug|Any CPU
		{7A15134F-1E33-4E25-A5C9-C513CE7BFF31}.Release|Any CPU.ActiveCfg = Release|Any CPU
		{7A15134F-1E33-4E25-A5C9-C513CE7BFF31}.Release|Any CPU.Build.0 = Release|Any CPU
		{7A15134F-1E33-4E25-A5C9-C513CE7BFF31}.Release|x64.ActiveCfg = Release|Any CPU
		{7A15134F-1E33-4E25-A5C9-C513CE7BFF31}.Release|x64.Build.0 = Release|Any CPU
		{7A15134F-1E33-4E25-A5C9-C513CE7BFF31}.Release|x86.ActiveCfg = Release|Any CPU
		{7A15134F-1E33-4E25-A5C9-C513CE7BFF31}.Release|x86.Build.0 = Release|Any CPU
	EndGlobalSection
	GlobalSection(SolutionProperties) = preSolution
		HideSolutionNode = FALSE
	EndGlobalSection
	GlobalSection(ExtensibilityGlobals) = postSolution
		SolutionGuid = {B318B607-CF54-4435-AA84-619E6A66F626}
	EndGlobalSection
EndGlobal
